
Microsoft Visual Studio Solution File, Format Version 12.00
# Visual Studio 2013
VisualStudioVersion = 12.0.30723.0
MinimumVisualStudioVersion = 10.0.40219.1
Project("{FAE04EC0-301F-11D3-BF4B-00C04F79EFBC}") = "Vladionic", "Vladionic\Vladionic.csproj", "{70F5092B-0135-4E06-880C-A8A19927EAAD}"
EndProject
Global
	GlobalSection(SolutionConfigurationPlatforms) = preSolution
		Debug|Any CPU = Debug|Any CPU
		Release|Any CPU = Release|Any CPU
	EndGlobalSection
	GlobalSection(ProjectConfigurationPlatforms) = postSolution
		{70F5092B-0135-4E06-880C-A8A19927EAAD}.Debug|Any CPU.ActiveCfg = Debug|Any CPU
		{70F5092B-0135-4E06-880C-A8A19927EAAD}.Debug|Any CPU.Build.0 = Debug|Any CPU
		{70F5092B-0135-4E06-880C-A8A19927EAAD}.Release|Any CPU.ActiveCfg = Release|Any CPU
		{70F5092B-0135-4E06-880C-A8A19927EAAD}.Release|Any CPU.Build.0 = Release|Any CPU
	EndGlobalSection
	GlobalSection(SolutionProperties) = preSolution
		HideSolutionNode = FALSE
	EndGlobalSection
EndGlobal
